
Microsoft Visual Studio Solution File, Format Version 12.00
# Visual Studio Version 16
VisualStudioVersion = 16.0.32002.261
MinimumVisualStudioVersion = 10.0.40219.1
Project("{2150E333-8FDC-42A3-9474-1A3956D46DE8}") = "cilium", "cilium", "{5892EB58-3D98-4943-BDA7-CCC51165900F}"
EndProject
Project("{8BC9CEB8-8B4A-11D0-8D11-00A0C91BC942}") = "daemon", "cilium\load_balancer\daemon\daemon.vcxproj", "{FB0E7D33-75F8-4472-8AA3-891CB657AE06}"
EndProject
Project("{8BC9CEB8-8B4A-11D0-8D11-00A0C91BC942}") = "bpf_xdp", "cilium\load_balancer\bpf\bpf_xdp\bpf_xdp.vcxproj", "{742B767C-02C3-4D5A-81A9-232D57262388}"
EndProject
Project("{2150E333-8FDC-42A3-9474-1A3956D46DE8}") = "tests", "tests", "{9171E26A-58B7-4DAB-B00B-C9F0F667D6D5}"
EndProject
Project("{8BC9CEB8-8B4A-11D0-8D11-00A0C91BC942}") = "cilium_test", "tests\cilium_tests\cilium_test.vcxproj", "{12161211-5463-4AA9-9B6E-552552B475DC}"
EndProject
Project("{2150E333-8FDC-42A3-9474-1A3956D46DE8}") = "ebpf-for-windows", "ebpf-for-windows", "{E69DC31A-4E39-4E5D-957F-FFDC31C69513}"
EndProject
Project("{8BC9CEB8-8B4A-11D0-8D11-00A0C91BC942}") = "ebpf-for-windows", "ebpf-for-windows\ebpf-for-windows.vcxproj", "{DD92AD3C-0143-4BA3-9969-27C278E5A653}"
EndProject
Project("{8BC9CEB8-8B4A-11D0-8D11-00A0C91BC942}") = "Catch2WithMain", "external\ebpf-for-windows\external\Catch2\build\src\Catch2WithMain.vcxproj", "{8BD3552A-2CFB-4A59-AB15-2031B97ADA1E}"
EndProject
Project("{8BC9CEB8-8B4A-11D0-8D11-00A0C91BC942}") = "Catch2", "external\ebpf-for-windows\external\Catch2\build\src\Catch2.vcxproj", "{8D538CBE-01BF-4A2E-A98A-6C368FDF13D7}"
EndProject
Global
	GlobalSection(SolutionConfigurationPlatforms) = preSolution
		Debug|x64 = Debug|x64
		Debug|x86 = Debug|x86
		MinSizeRel|x64 = MinSizeRel|x64
		MinSizeRel|x86 = MinSizeRel|x86
		Release|x64 = Release|x64
		Release|x86 = Release|x86
		RelWithDebInfo|x64 = RelWithDebInfo|x64
		RelWithDebInfo|x86 = RelWithDebInfo|x86
	EndGlobalSection
	GlobalSection(ProjectConfigurationPlatforms) = postSolution
		{FB0E7D33-75F8-4472-8AA3-891CB657AE06}.Debug|x64.ActiveCfg = Debug|x64
		{FB0E7D33-75F8-4472-8AA3-891CB657AE06}.Debug|x64.Build.0 = Debug|x64
		{FB0E7D33-75F8-4472-8AA3-891CB657AE06}.Debug|x86.ActiveCfg = Debug|Win32
		{FB0E7D33-75F8-4472-8AA3-891CB657AE06}.Debug|x86.Build.0 = Debug|Win32
		{FB0E7D33-75F8-4472-8AA3-891CB657AE06}.MinSizeRel|x64.ActiveCfg = Release|x64
		{FB0E7D33-75F8-4472-8AA3-891CB657AE06}.MinSizeRel|x64.Build.0 = Release|x64
		{FB0E7D33-75F8-4472-8AA3-891CB657AE06}.MinSizeRel|x86.ActiveCfg = Release|Win32
		{FB0E7D33-75F8-4472-8AA3-891CB657AE06}.MinSizeRel|x86.Build.0 = Release|Win32
		{FB0E7D33-75F8-4472-8AA3-891CB657AE06}.Release|x64.ActiveCfg = Release|x64
		{FB0E7D33-75F8-4472-8AA3-891CB657AE06}.Release|x64.Build.0 = Release|x64
		{FB0E7D33-75F8-4472-8AA3-891CB657AE06}.Release|x86.ActiveCfg = Release|Win32
		{FB0E7D33-75F8-4472-8AA3-891CB657AE06}.Release|x86.Build.0 = Release|Win32
		{FB0E7D33-75F8-4472-8AA3-891CB657AE06}.RelWithDebInfo|x64.ActiveCfg = Release|x64
		{FB0E7D33-75F8-4472-8AA3-891CB657AE06}.RelWithDebInfo|x64.Build.0 = Release|x64
		{FB0E7D33-75F8-4472-8AA3-891CB657AE06}.RelWithDebInfo|x86.ActiveCfg = Release|Win32
		{FB0E7D33-75F8-4472-8AA3-891CB657AE06}.RelWithDebInfo|x86.Build.0 = Release|Win32
		{742B767C-02C3-4D5A-81A9-232D57262388}.Debug|x64.ActiveCfg = Debug|x64
		{742B767C-02C3-4D5A-81A9-232D57262388}.Debug|x64.Build.0 = Debug|x64
		{742B767C-02C3-4D5A-81A9-232D57262388}.Debug|x86.ActiveCfg = Debug|Win32
		{742B767C-02C3-4D5A-81A9-232D57262388}.Debug|x86.Build.0 = Debug|Win32
		{742B767C-02C3-4D5A-81A9-232D57262388}.MinSizeRel|x64.ActiveCfg = Release|x64
		{742B767C-02C3-4D5A-81A9-232D57262388}.MinSizeRel|x64.Build.0 = Release|x64
		{742B767C-02C3-4D5A-81A9-232D57262388}.MinSizeRel|x86.ActiveCfg = Release|Win32
		{742B767C-02C3-4D5A-81A9-232D57262388}.MinSizeRel|x86.Build.0 = Release|Win32
		{742B767C-02C3-4D5A-81A9-232D57262388}.Release|x64.ActiveCfg = Release|x64
		{742B767C-02C3-4D5A-81A9-232D57262388}.Release|x64.Build.0 = Release|x64
		{742B767C-02C3-4D5A-81A9-232D57262388}.Release|x86.ActiveCfg = Release|Win32
		{742B767C-02C3-4D5A-81A9-232D57262388}.Release|x86.Build.0 = Release|Win32
		{742B767C-02C3-4D5A-81A9-232D57262388}.RelWithDebInfo|x64.ActiveCfg = Release|x64
		{742B767C-02C3-4D5A-81A9-232D57262388}.RelWithDebInfo|x64.Build.0 = Release|x64
		{742B767C-02C3-4D5A-81A9-232D57262388}.RelWithDebInfo|x86.ActiveCfg = Release|Win32
		{742B767C-02C3-4D5A-81A9-232D57262388}.RelWithDebInfo|x86.Build.0 = Release|Win32
		{12161211-5463-4AA9-9B6E-552552B475DC}.Debug|x64.ActiveCfg = Debug|x64
		{12161211-5463-4AA9-9B6E-552552B475DC}.Debug|x64.Build.0 = Debug|x64
		{12161211-5463-4AA9-9B6E-552552B475DC}.Debug|x86.ActiveCfg = Debug|Win32
		{12161211-5463-4AA9-9B6E-552552B475DC}.Debug|x86.Build.0 = Debug|Win32
		{12161211-5463-4AA9-9B6E-552552B475DC}.MinSizeRel|x64.ActiveCfg = Debug|x64
		{12161211-5463-4AA9-9B6E-552552B475DC}.MinSizeRel|x64.Build.0 = Debug|x64
		{12161211-5463-4AA9-9B6E-552552B475DC}.MinSizeRel|x86.ActiveCfg = Debug|Win32
		{12161211-5463-4AA9-9B6E-552552B475DC}.MinSizeRel|x86.Build.0 = Debug|Win32
		{12161211-5463-4AA9-9B6E-552552B475DC}.Release|x64.ActiveCfg = Release|x64
		{12161211-5463-4AA9-9B6E-552552B475DC}.Release|x64.Build.0 = Release|x64
		{12161211-5463-4AA9-9B6E-552552B475DC}.Release|x86.ActiveCfg = Release|Win32
		{12161211-5463-4AA9-9B6E-552552B475DC}.Release|x86.Build.0 = Release|Win32
		{12161211-5463-4AA9-9B6E-552552B475DC}.RelWithDebInfo|x64.ActiveCfg = Release|x64
		{12161211-5463-4AA9-9B6E-552552B475DC}.RelWithDebInfo|x64.Build.0 = Release|x64
		{12161211-5463-4AA9-9B6E-552552B475DC}.RelWithDebInfo|x86.ActiveCfg = Release|Win32
		{12161211-5463-4AA9-9B6E-552552B475DC}.RelWithDebInfo|x86.Build.0 = Release|Win32
		{DD92AD3C-0143-4BA3-9969-27C278E5A653}.Debug|x64.ActiveCfg = Debug|x64
		{DD92AD3C-0143-4BA3-9969-27C278E5A653}.Debug|x64.Build.0 = Debug|x64
		{DD92AD3C-0143-4BA3-9969-27C278E5A653}.Debug|x86.ActiveCfg = Debug|Win32
		{DD92AD3C-0143-4BA3-9969-27C278E5A653}.Debug|x86.Build.0 = Debug|Win32
		{DD92AD3C-0143-4BA3-9969-27C278E5A653}.MinSizeRel|x64.ActiveCfg = Debug|x64
		{DD92AD3C-0143-4BA3-9969-27C278E5A653}.MinSizeRel|x64.Build.0 = Debug|x64
		{DD92AD3C-0143-4BA3-9969-27C278E5A653}.MinSizeRel|x86.ActiveCfg = Debug|Win32
		{DD92AD3C-0143-4BA3-9969-27C278E5A653}.MinSizeRel|x86.Build.0 = Debug|Win32
		{DD92AD3C-0143-4BA3-9969-27C278E5A653}.Release|x64.ActiveCfg = Release|x64
		{DD92AD3C-0143-4BA3-9969-27C278E5A653}.Release|x64.Build.0 = Release|x64
		{DD92AD3C-0143-4BA3-9969-27C278E5A653}.Release|x86.ActiveCfg = Release|Win32
		{DD92AD3C-0143-4BA3-9969-27C278E5A653}.Release|x86.Build.0 = Release|Win32
		{DD92AD3C-0143-4BA3-9969-27C278E5A653}.RelWithDebInfo|x64.ActiveCfg = Release|x64
		{DD92AD3C-0143-4BA3-9969-27C278E5A653}.RelWithDebInfo|x64.Build.0 = Release|x64
		{DD92AD3C-0143-4BA3-9969-27C278E5A653}.RelWithDebInfo|x86.ActiveCfg = Release|Win32
		{DD92AD3C-0143-4BA3-9969-27C278E5A653}.RelWithDebInfo|x86.Build.0 = Release|Win32
		{8BD3552A-2CFB-4A59-AB15-2031B97ADA1E}.Debug|x64.ActiveCfg = Debug|x64
		{8BD3552A-2CFB-4A59-AB15-2031B97ADA1E}.Debug|x64.Build.0 = Debug|x64
		{8BD3552A-2CFB-4A59-AB15-2031B97ADA1E}.Debug|x86.ActiveCfg = Debug|x64
		{8BD3552A-2CFB-4A59-AB15-2031B97ADA1E}.MinSizeRel|x64.ActiveCfg = MinSizeRel|x64
		{8BD3552A-2CFB-4A59-AB15-2031B97ADA1E}.MinSizeRel|x64.Build.0 = MinSizeRel|x64
		{8BD3552A-2CFB-4A59-AB15-2031B97ADA1E}.MinSizeRel|x86.ActiveCfg = MinSizeRel|x64
		{8BD3552A-2CFB-4A59-AB15-2031B97ADA1E}.Release|x64.ActiveCfg = Release|x64
		{8BD3552A-2CFB-4A59-AB15-2031B97ADA1E}.Release|x64.Build.0 = Release|x64
		{8BD3552A-2CFB-4A59-AB15-2031B97ADA1E}.Release|x86.ActiveCfg = Release|x64
		{8BD3552A-2CFB-4A59-AB15-2031B97ADA1E}.RelWithDebInfo|x64.ActiveCfg = RelWithDebInfo|x64
		{8BD3552A-2CFB-4A59-AB15-2031B97ADA1E}.RelWithDebInfo|x64.Build.0 = RelWithDebInfo|x64
		{8BD3552A-2CFB-4A59-AB15-2031B97ADA1E}.RelWithDebInfo|x86.ActiveCfg = RelWithDebInfo|x64
		{8D538CBE-01BF-4A2E-A98A-6C368FDF13D7}.Debug|x64.ActiveCfg = Debug|x64
		{8D538CBE-01BF-4A2E-A98A-6C368FDF13D7}.Debug|x64.Build.0 = Debug|x64
		{8D538CBE-01BF-4A2E-A98A-6C368FDF13D7}.Debug|x86.ActiveCfg = Debug|x64
		{8D538CBE-01BF-4A2E-A98A-6C368FDF13D7}.MinSizeRel|x64.ActiveCfg = MinSizeRel|x64
		{8D538CBE-01BF-4A2E-A98A-6C368FDF13D7}.MinSizeRel|x64.Build.0 = MinSizeRel|x64
		{8D538CBE-01BF-4A2E-A98A-6C368FDF13D7}.MinSizeRel|x86.ActiveCfg = MinSizeRel|x64
		{8D538CBE-01BF-4A2E-A98A-6C368FDF13D7}.Release|x64.ActiveCfg = Release|x64
		{8D538CBE-01BF-4A2E-A98A-6C368FDF13D7}.Release|x64.Build.0 = Release|x64
		{8D538CBE-01BF-4A2E-A98A-6C368FDF13D7}.Release|x86.ActiveCfg = Release|x64
		{8D538CBE-01BF-4A2E-A98A-6C368FDF13D7}.RelWithDebInfo|x64.ActiveCfg = RelWithDebInfo|x64
		{8D538CBE-01BF-4A2E-A98A-6C368FDF13D7}.RelWithDebInfo|x64.Build.0 = RelWithDebInfo|x64
		{8D538CBE-01BF-4A2E-A98A-6C368FDF13D7}.RelWithDebInfo|x86.ActiveCfg = RelWithDebInfo|x64
	EndGlobalSection
	GlobalSection(SolutionProperties) = preSolution
		HideSolutionNode = FALSE
	EndGlobalSection
	GlobalSection(NestedProjects) = preSolution
		{FB0E7D33-75F8-4472-8AA3-891CB657AE06} = {5892EB58-3D98-4943-BDA7-CCC51165900F}
		{742B767C-02C3-4D5A-81A9-232D57262388} = {5892EB58-3D98-4943-BDA7-CCC51165900F}
		{12161211-5463-4AA9-9B6E-552552B475DC} = {9171E26A-58B7-4DAB-B00B-C9F0F667D6D5}
		{DD92AD3C-0143-4BA3-9969-27C278E5A653} = {E69DC31A-4E39-4E5D-957F-FFDC31C69513}
		{8BD3552A-2CFB-4A59-AB15-2031B97ADA1E} = {9171E26A-58B7-4DAB-B00B-C9F0F667D6D5}
		{8D538CBE-01BF-4A2E-A98A-6C368FDF13D7} = {9171E26A-58B7-4DAB-B00B-C9F0F667D6D5}
	EndGlobalSection
	GlobalSection(ExtensibilityGlobals) = postSolution
		SolutionGuid = {DF6FB969-B489-49DA-8DB0-6FD7BA56D5D2}
	EndGlobalSection
EndGlobal
